
Microsoft Visual Studio Solution File, Format Version 12.00
# Visual Studio Version 16
VisualStudioVersion = 16.0.31205.134
MinimumVisualStudioVersion = 10.0.40219.1
Project("{FAE04EC0-301F-11D3-BF4B-00C04F79EFBC}") = "WordSearch", "WordSearch.csproj", "{84E6EEC6-F3F7-4D63-9718-7C65BCDFD897}"
EndProject
Global
	GlobalSection(SolutionConfigurationPlatforms) = preSolution
		Debug|Any CPU = Debug|Any CPU
		Release|Any CPU = Release|Any CPU
	EndGlobalSection
	GlobalSection(ProjectConfigurationPlatforms) = postSolution
		{84E6EEC6-F3F7-4D63-9718-7C65BCDFD897}.Debug|Any CPU.ActiveCfg = Debug|Any CPU
		{84E6EEC6-F3F7-4D63-9718-7C65BCDFD897}.Debug|Any CPU.Build.0 = Debug|Any CPU
		{84E6EEC6-F3F7-4D63-9718-7C65BCDFD897}.Release|Any CPU.ActiveCfg = Release|Any CPU
		{84E6EEC6-F3F7-4D63-9718-7C65BCDFD897}.Release|Any CPU.Build.0 = Release|Any CPU
	EndGlobalSection
	GlobalSection(SolutionProperties) = preSolution
		HideSolutionNode = FALSE
	EndGlobalSection
	GlobalSection(ExtensibilityGlobals) = postSolution
		SolutionGuid = {A99EFAF2-4A94-4378-ACBF-92B78B8D5210}
	EndGlobalSection
EndGlobal
